// !$*UTF8*$!
{
	archiveVersion = 1;
	classes = {
	};
	objectVersion = 50;
	objects = {

/* Begin PBXBuildFile section */
		451D9E0323F422AA009C1E19 /* RxBlocking.framework in Frameworks */ = {isa = PBXBuildFile; fileRef = 451D9E0223F422AA009C1E19 /* RxBlocking.framework */; };
		451D9E0523F422BC009C1E19 /* RxTest.framework in Frameworks */ = {isa = PBXBuildFile; fileRef = 451D9E0423F422BC009C1E19 /* RxTest.framework */; };
		451D9E0823F6CDEE009C1E19 /* MemoRepository.swift in Sources */ = {isa = PBXBuildFile; fileRef = 451D9E0723F6CDEE009C1E19 /* MemoRepository.swift */; };
		451D9E0A23F791A7009C1E19 /* RxRelay.framework in Frameworks */ = {isa = PBXBuildFile; fileRef = 459AA48123567AA700C8BD2E /* RxRelay.framework */; };
		451D9E0C23F793E2009C1E19 /* MemoRepositoryTest.swift in Sources */ = {isa = PBXBuildFile; fileRef = 451D9E0B23F793E2009C1E19 /* MemoRepositoryTest.swift */; };
		4533616F23F8685400167248 /* MemoDataStoreMock.swift in Sources */ = {isa = PBXBuildFile; fileRef = 4533616E23F8685400167248 /* MemoDataStoreMock.swift */; };
		4533617123F8945900167248 /* MemoMock.swift in Sources */ = {isa = PBXBuildFile; fileRef = 4533617023F8945900167248 /* MemoMock.swift */; };
		459AA45323551FC000C8BD2E /* AppDelegate.swift in Sources */ = {isa = PBXBuildFile; fileRef = 459AA45223551FC000C8BD2E /* AppDelegate.swift */; };
		459AA45523551FC000C8BD2E /* SceneDelegate.swift in Sources */ = {isa = PBXBuildFile; fileRef = 459AA45423551FC000C8BD2E /* SceneDelegate.swift */; };
		459AA45D23551FC000C8BD2E /* RxSwift_Memo_Sample.xcdatamodeld in Sources */ = {isa = PBXBuildFile; fileRef = 459AA45B23551FC000C8BD2E /* RxSwift_Memo_Sample.xcdatamodeld */; };
		459AA45F23551FC400C8BD2E /* Assets.xcassets in Resources */ = {isa = PBXBuildFile; fileRef = 459AA45E23551FC400C8BD2E /* Assets.xcassets */; };
		459AA46223551FC400C8BD2E /* LaunchScreen.storyboard in Resources */ = {isa = PBXBuildFile; fileRef = 459AA46023551FC400C8BD2E /* LaunchScreen.storyboard */; };
		459AA47B23567A7A00C8BD2E /* RxSwift.framework in Frameworks */ = {isa = PBXBuildFile; fileRef = 459AA47A23567A7A00C8BD2E /* RxSwift.framework */; };
		459AA47C23567A7A00C8BD2E /* RxSwift.framework in Embed Frameworks */ = {isa = PBXBuildFile; fileRef = 459AA47A23567A7A00C8BD2E /* RxSwift.framework */; settings = {ATTRIBUTES = (CodeSignOnCopy, RemoveHeadersOnCopy, ); }; };
		459AA47F23567A8900C8BD2E /* RxCocoa.framework in Frameworks */ = {isa = PBXBuildFile; fileRef = 459AA47E23567A8900C8BD2E /* RxCocoa.framework */; };
		459AA48023567A8900C8BD2E /* RxCocoa.framework in Embed Frameworks */ = {isa = PBXBuildFile; fileRef = 459AA47E23567A8900C8BD2E /* RxCocoa.framework */; settings = {ATTRIBUTES = (CodeSignOnCopy, RemoveHeadersOnCopy, ); }; };
		459AA48623567D6E00C8BD2E /* Memo+CoreDataClass.swift in Sources */ = {isa = PBXBuildFile; fileRef = 459AA48423567D6E00C8BD2E /* Memo+CoreDataClass.swift */; };
		459AA48723567D6E00C8BD2E /* Memo+CoreDataProperties.swift in Sources */ = {isa = PBXBuildFile; fileRef = 459AA48523567D6E00C8BD2E /* Memo+CoreDataProperties.swift */; };
		459AA48D23567F6800C8BD2E /* Default-568h@2x.png in Resources */ = {isa = PBXBuildFile; fileRef = 459AA48C23567F6800C8BD2E /* Default-568h@2x.png */; };
		459AA48F2356806400C8BD2E /* MemoListViewController.storyboard in Resources */ = {isa = PBXBuildFile; fileRef = 459AA48E2356806400C8BD2E /* MemoListViewController.storyboard */; };
		459AA4912356807900C8BD2E /* MemoListViewController.swift in Sources */ = {isa = PBXBuildFile; fileRef = 459AA4902356807900C8BD2E /* MemoListViewController.swift */; };
		459AA4932357D1E000C8BD2E /* MemoListViewModel.swift in Sources */ = {isa = PBXBuildFile; fileRef = 459AA4922357D1E000C8BD2E /* MemoListViewModel.swift */; };
		459AA4972358CFF600C8BD2E /* MemoDataStore.swift in Sources */ = {isa = PBXBuildFile; fileRef = 459AA4962358CFF600C8BD2E /* MemoDataStore.swift */; };
		459AA49A235AB04900C8BD2E /* MemoDataStoreTest.swift in Sources */ = {isa = PBXBuildFile; fileRef = 459AA499235AB04900C8BD2E /* MemoDataStoreTest.swift */; };
		459AA49C235ADB2C00C8BD2E /* CoreDataPropaties.swift in Sources */ = {isa = PBXBuildFile; fileRef = 459AA49B235ADB2C00C8BD2E /* CoreDataPropaties.swift */; };
		45E5B28C239D26CA003AC0E0 /* ViewModelType.swift in Sources */ = {isa = PBXBuildFile; fileRef = 45E5B28B239D26CA003AC0E0 /* ViewModelType.swift */; };
		45F203A42384523B00B42831 /* MemoInfoCell.swift in Sources */ = {isa = PBXBuildFile; fileRef = 45F203A22384523B00B42831 /* MemoInfoCell.swift */; };
		45F203A52384523B00B42831 /* MemoInfoCell.xib in Resources */ = {isa = PBXBuildFile; fileRef = 45F203A32384523B00B42831 /* MemoInfoCell.xib */; };
		45F203AF23897FF300B42831 /* UIViewController+Alert.swift in Sources */ = {isa = PBXBuildFile; fileRef = 45F203AE23897FF300B42831 /* UIViewController+Alert.swift */; };
		45F203B92389E66300B42831 /* MemoDetailViewController.swift in Sources */ = {isa = PBXBuildFile; fileRef = 45F203B72389E66300B42831 /* MemoDetailViewController.swift */; };
		45F203BA2389E66300B42831 /* MemoDetailViewController.xib in Resources */ = {isa = PBXBuildFile; fileRef = 45F203B82389E66300B42831 /* MemoDetailViewController.xib */; };
		45F203BC2389E75000B42831 /* MemoDetailViewModel.swift in Sources */ = {isa = PBXBuildFile; fileRef = 45F203BB2389E75000B42831 /* MemoDetailViewModel.swift */; };
		45F203BE238C8D8300B42831 /* String+.swift in Sources */ = {isa = PBXBuildFile; fileRef = 45F203BD238C8D8300B42831 /* String+.swift */; };
		45F203C0238D788500B42831 /* UIView+Layout.swift in Sources */ = {isa = PBXBuildFile; fileRef = 45F203BF238D788500B42831 /* UIView+Layout.swift */; };
		45F203C2238EA2BE00B42831 /* Reactive+Binder.swift in Sources */ = {isa = PBXBuildFile; fileRef = 45F203C1238EA2BE00B42831 /* Reactive+Binder.swift */; };
/* End PBXBuildFile section */

/* Begin PBXContainerItemProxy section */
		459AA4722355321200C8BD2E /* PBXContainerItemProxy */ = {
			isa = PBXContainerItemProxy;
			containerPortal = 459AA44723551FC000C8BD2E /* Project object */;
			proxyType = 1;
			remoteGlobalIDString = 459AA44E23551FC000C8BD2E;
			remoteInfo = "RxSwift-Memo-Sample";
		};
/* End PBXContainerItemProxy section */

/* Begin PBXCopyFilesBuildPhase section */
		459AA47D23567A7A00C8BD2E /* Embed Frameworks */ = {
			isa = PBXCopyFilesBuildPhase;
			buildActionMask = 2147483647;
			dstPath = "";
			dstSubfolderSpec = 10;
			files = (
				459AA48023567A8900C8BD2E /* RxCocoa.framework in Embed Frameworks */,
				459AA47C23567A7A00C8BD2E /* RxSwift.framework in Embed Frameworks */,
			);
			name = "Embed Frameworks";
			runOnlyForDeploymentPostprocessing = 0;
		};
/* End PBXCopyFilesBuildPhase section */

/* Begin PBXFileReference section */
		451D9E0223F422AA009C1E19 /* RxBlocking.framework */ = {isa = PBXFileReference; lastKnownFileType = wrapper.framework; name = RxBlocking.framework; path = Carthage/Build/iOS/RxBlocking.framework; sourceTree = "<group>"; };
		451D9E0423F422BC009C1E19 /* RxTest.framework */ = {isa = PBXFileReference; lastKnownFileType = wrapper.framework; name = RxTest.framework; path = Carthage/Build/iOS/RxTest.framework; sourceTree = "<group>"; };
		451D9E0723F6CDEE009C1E19 /* MemoRepository.swift */ = {isa = PBXFileReference; lastKnownFileType = sourcecode.swift; path = MemoRepository.swift; sourceTree = "<group>"; };
		451D9E0B23F793E2009C1E19 /* MemoRepositoryTest.swift */ = {isa = PBXFileReference; lastKnownFileType = sourcecode.swift; path = MemoRepositoryTest.swift; sourceTree = "<group>"; };
		4533616E23F8685400167248 /* MemoDataStoreMock.swift */ = {isa = PBXFileReference; lastKnownFileType = sourcecode.swift; path = MemoDataStoreMock.swift; sourceTree = "<group>"; };
		4533617023F8945900167248 /* MemoMock.swift */ = {isa = PBXFileReference; lastKnownFileType = sourcecode.swift; path = MemoMock.swift; sourceTree = "<group>"; };
		459AA44F23551FC000C8BD2E /* RxSwift-Memo-Sample.app */ = {isa = PBXFileReference; explicitFileType = wrapper.application; includeInIndex = 0; path = "RxSwift-Memo-Sample.app"; sourceTree = BUILT_PRODUCTS_DIR; };
		459AA45223551FC000C8BD2E /* AppDelegate.swift */ = {isa = PBXFileReference; lastKnownFileType = sourcecode.swift; path = AppDelegate.swift; sourceTree = "<group>"; };
		459AA45423551FC000C8BD2E /* SceneDelegate.swift */ = {isa = PBXFileReference; lastKnownFileType = sourcecode.swift; path = SceneDelegate.swift; sourceTree = "<group>"; };
		459AA45C23551FC000C8BD2E /* RxSwift_Memo_Sample.xcdatamodel */ = {isa = PBXFileReference; lastKnownFileType = wrapper.xcdatamodel; path = RxSwift_Memo_Sample.xcdatamodel; sourceTree = "<group>"; };
		459AA45E23551FC400C8BD2E /* Assets.xcassets */ = {isa = PBXFileReference; lastKnownFileType = folder.assetcatalog; path = Assets.xcassets; sourceTree = "<group>"; };
		459AA46123551FC400C8BD2E /* Base */ = {isa = PBXFileReference; lastKnownFileType = file.storyboard; name = Base; path = Base.lproj/LaunchScreen.storyboard; sourceTree = "<group>"; };
		459AA46323551FC400C8BD2E /* Info.plist */ = {isa = PBXFileReference; lastKnownFileType = text.plist.xml; path = Info.plist; sourceTree = "<group>"; };
		459AA46D2355321200C8BD2E /* RxSwift-Memo-SampleTests.xctest */ = {isa = PBXFileReference; explicitFileType = wrapper.cfbundle; includeInIndex = 0; path = "RxSwift-Memo-SampleTests.xctest"; sourceTree = BUILT_PRODUCTS_DIR; };
		459AA4712355321200C8BD2E /* Info.plist */ = {isa = PBXFileReference; lastKnownFileType = text.plist.xml; path = Info.plist; sourceTree = "<group>"; };
		459AA47A23567A7A00C8BD2E /* RxSwift.framework */ = {isa = PBXFileReference; lastKnownFileType = wrapper.framework; name = RxSwift.framework; path = Carthage/Build/iOS/RxSwift.framework; sourceTree = "<group>"; };
		459AA47E23567A8900C8BD2E /* RxCocoa.framework */ = {isa = PBXFileReference; lastKnownFileType = wrapper.framework; name = RxCocoa.framework; path = Carthage/Build/iOS/RxCocoa.framework; sourceTree = "<group>"; };
		459AA48123567AA700C8BD2E /* RxRelay.framework */ = {isa = PBXFileReference; lastKnownFileType = wrapper.framework; name = RxRelay.framework; path = Carthage/Build/iOS/RxRelay.framework; sourceTree = "<group>"; };
		459AA48423567D6E00C8BD2E /* Memo+CoreDataClass.swift */ = {isa = PBXFileReference; lastKnownFileType = sourcecode.swift; path = "Memo+CoreDataClass.swift"; sourceTree = "<group>"; };
		459AA48523567D6E00C8BD2E /* Memo+CoreDataProperties.swift */ = {isa = PBXFileReference; lastKnownFileType = sourcecode.swift; path = "Memo+CoreDataProperties.swift"; sourceTree = "<group>"; };
		459AA48C23567F6800C8BD2E /* Default-568h@2x.png */ = {isa = PBXFileReference; lastKnownFileType = image.png; path = "Default-568h@2x.png"; sourceTree = "<group>"; };
		459AA48E2356806400C8BD2E /* MemoListViewController.storyboard */ = {isa = PBXFileReference; lastKnownFileType = file.storyboard; path = MemoListViewController.storyboard; sourceTree = "<group>"; };
		459AA4902356807900C8BD2E /* MemoListViewController.swift */ = {isa = PBXFileReference; lastKnownFileType = sourcecode.swift; path = MemoListViewController.swift; sourceTree = "<group>"; };
		459AA4922357D1E000C8BD2E /* MemoListViewModel.swift */ = {isa = PBXFileReference; lastKnownFileType = sourcecode.swift; path = MemoListViewModel.swift; sourceTree = "<group>"; };
		459AA4962358CFF600C8BD2E /* MemoDataStore.swift */ = {isa = PBXFileReference; lastKnownFileType = sourcecode.swift; path = MemoDataStore.swift; sourceTree = "<group>"; };
		459AA499235AB04900C8BD2E /* MemoDataStoreTest.swift */ = {isa = PBXFileReference; lastKnownFileType = sourcecode.swift; path = MemoDataStoreTest.swift; sourceTree = "<group>"; };
		459AA49B235ADB2C00C8BD2E /* CoreDataPropaties.swift */ = {isa = PBXFileReference; lastKnownFileType = sourcecode.swift; path = CoreDataPropaties.swift; sourceTree = "<group>"; };
		45E5B28B239D26CA003AC0E0 /* ViewModelType.swift */ = {isa = PBXFileReference; lastKnownFileType = sourcecode.swift; path = ViewModelType.swift; sourceTree = "<group>"; };
		45F203A22384523B00B42831 /* MemoInfoCell.swift */ = {isa = PBXFileReference; lastKnownFileType = sourcecode.swift; path = MemoInfoCell.swift; sourceTree = "<group>"; };
		45F203A32384523B00B42831 /* MemoInfoCell.xib */ = {isa = PBXFileReference; lastKnownFileType = file.xib; path = MemoInfoCell.xib; sourceTree = "<group>"; };
		45F203AE23897FF300B42831 /* UIViewController+Alert.swift */ = {isa = PBXFileReference; lastKnownFileType = sourcecode.swift; path = "UIViewController+Alert.swift"; sourceTree = "<group>"; };
		45F203B72389E66300B42831 /* MemoDetailViewController.swift */ = {isa = PBXFileReference; lastKnownFileType = sourcecode.swift; path = MemoDetailViewController.swift; sourceTree = "<group>"; };
		45F203B82389E66300B42831 /* MemoDetailViewController.xib */ = {isa = PBXFileReference; lastKnownFileType = file.xib; path = MemoDetailViewController.xib; sourceTree = "<group>"; };
		45F203BB2389E75000B42831 /* MemoDetailViewModel.swift */ = {isa = PBXFileReference; lastKnownFileType = sourcecode.swift; path = MemoDetailViewModel.swift; sourceTree = "<group>"; };
		45F203BD238C8D8300B42831 /* String+.swift */ = {isa = PBXFileReference; lastKnownFileType = sourcecode.swift; path = "String+.swift"; sourceTree = "<group>"; };
		45F203BF238D788500B42831 /* UIView+Layout.swift */ = {isa = PBXFileReference; lastKnownFileType = sourcecode.swift; path = "UIView+Layout.swift"; sourceTree = "<group>"; };
		45F203C1238EA2BE00B42831 /* Reactive+Binder.swift */ = {isa = PBXFileReference; lastKnownFileType = sourcecode.swift; path = "Reactive+Binder.swift"; sourceTree = "<group>"; };
/* End PBXFileReference section */

/* Begin PBXFrameworksBuildPhase section */
		459AA44C23551FC000C8BD2E /* Frameworks */ = {
			isa = PBXFrameworksBuildPhase;
			buildActionMask = 2147483647;
			files = (
				451D9E0A23F791A7009C1E19 /* RxRelay.framework in Frameworks */,
				459AA47F23567A8900C8BD2E /* RxCocoa.framework in Frameworks */,
				459AA47B23567A7A00C8BD2E /* RxSwift.framework in Frameworks */,
			);
			runOnlyForDeploymentPostprocessing = 0;
		};
		459AA46A2355321200C8BD2E /* Frameworks */ = {
			isa = PBXFrameworksBuildPhase;
			buildActionMask = 2147483647;
			files = (
				451D9E0523F422BC009C1E19 /* RxTest.framework in Frameworks */,
				451D9E0323F422AA009C1E19 /* RxBlocking.framework in Frameworks */,
			);
			runOnlyForDeploymentPostprocessing = 0;
		};
/* End PBXFrameworksBuildPhase section */

/* Begin PBXGroup section */
		45035EAA23F35576008D37A7 /* Presentation */ = {
			isa = PBXGroup;
			children = (
			);
			path = Presentation;
			sourceTree = "<group>";
		};
		451D9E0623F6CDD9009C1E19 /* Repository */ = {
			isa = PBXGroup;
			children = (
				451D9E0723F6CDEE009C1E19 /* MemoRepository.swift */,
			);
			path = Repository;
			sourceTree = "<group>";
		};
		459AA44623551FC000C8BD2E = {
			isa = PBXGroup;
			children = (
				459AA48C23567F6800C8BD2E /* Default-568h@2x.png */,
				459AA45123551FC000C8BD2E /* RxSwift-Memo-Sample */,
				459AA46E2355321200C8BD2E /* RxSwift-Memo-SampleTests */,
				459AA45023551FC000C8BD2E /* Products */,
				459AA47923567A7A00C8BD2E /* Frameworks */,
			);
			sourceTree = "<group>";
		};
		459AA45023551FC000C8BD2E /* Products */ = {
			isa = PBXGroup;
			children = (
				459AA44F23551FC000C8BD2E /* RxSwift-Memo-Sample.app */,
				459AA46D2355321200C8BD2E /* RxSwift-Memo-SampleTests.xctest */,
			);
			name = Products;
			sourceTree = "<group>";
		};
		459AA45123551FC000C8BD2E /* RxSwift-Memo-Sample */ = {
			isa = PBXGroup;
			children = (
				45F203B22389E31D00B42831 /* Presentation */,
				459AA48B23567D9A00C8BD2E /* Data */,
				45F203AD23897FC500B42831 /* Extensions */,
				459AA48823567D9100C8BD2E /* Other */,
			);
			path = "RxSwift-Memo-Sample";
			sourceTree = "<group>";
		};
		459AA46E2355321200C8BD2E /* RxSwift-Memo-SampleTests */ = {
			isa = PBXGroup;
			children = (
				45035EAA23F35576008D37A7 /* Presentation */,
				459AA498235AB03200C8BD2E /* Data */,
				459AA4712355321200C8BD2E /* Info.plist */,
			);
			path = "RxSwift-Memo-SampleTests";
			sourceTree = "<group>";
		};
		459AA47923567A7A00C8BD2E /* Frameworks */ = {
			isa = PBXGroup;
			children = (
				451D9E0423F422BC009C1E19 /* RxTest.framework */,
				451D9E0223F422AA009C1E19 /* RxBlocking.framework */,
				459AA48123567AA700C8BD2E /* RxRelay.framework */,
				459AA47E23567A8900C8BD2E /* RxCocoa.framework */,
				459AA47A23567A7A00C8BD2E /* RxSwift.framework */,
			);
			name = Frameworks;
			sourceTree = "<group>";
		};
		459AA48823567D9100C8BD2E /* Other */ = {
			isa = PBXGroup;
			children = (
				459AA45223551FC000C8BD2E /* AppDelegate.swift */,
				459AA45423551FC000C8BD2E /* SceneDelegate.swift */,
				459AA45E23551FC400C8BD2E /* Assets.xcassets */,
				459AA46023551FC400C8BD2E /* LaunchScreen.storyboard */,
				459AA46323551FC400C8BD2E /* Info.plist */,
			);
			path = Other;
			sourceTree = "<group>";
		};
		459AA48923567D9400C8BD2E /* MemoList */ = {
			isa = PBXGroup;
			children = (
				459AA4922357D1E000C8BD2E /* MemoListViewModel.swift */,
			);
			path = MemoList;
			sourceTree = "<group>";
		};
		459AA48B23567D9A00C8BD2E /* Data */ = {
			isa = PBXGroup;
			children = (
				451D9E0623F6CDD9009C1E19 /* Repository */,
				459AA4952358CFB600C8BD2E /* DataStore */,
				459AA4942358CFB400C8BD2E /* Entity */,
			);
			path = Data;
			sourceTree = "<group>";
		};
		459AA4942358CFB400C8BD2E /* Entity */ = {
			isa = PBXGroup;
			children = (
				459AA45B23551FC000C8BD2E /* RxSwift_Memo_Sample.xcdatamodeld */,
				459AA48423567D6E00C8BD2E /* Memo+CoreDataClass.swift */,
				459AA48523567D6E00C8BD2E /* Memo+CoreDataProperties.swift */,
			);
			path = Entity;
			sourceTree = "<group>";
		};
		459AA4952358CFB600C8BD2E /* DataStore */ = {
			isa = PBXGroup;
			children = (
				459AA4962358CFF600C8BD2E /* MemoDataStore.swift */,
				459AA49B235ADB2C00C8BD2E /* CoreDataPropaties.swift */,
			);
			path = DataStore;
			sourceTree = "<group>";
		};
		459AA498235AB03200C8BD2E /* Data */ = {
			isa = PBXGroup;
			children = (
				459AA499235AB04900C8BD2E /* MemoDataStoreTest.swift */,
				451D9E0B23F793E2009C1E19 /* MemoRepositoryTest.swift */,
				4533616E23F8685400167248 /* MemoDataStoreMock.swift */,
				4533617023F8945900167248 /* MemoMock.swift */,
			);
			path = Data;
			sourceTree = "<group>";
		};
		45E5B289239CE846003AC0E0 /* ViewModel */ = {
			isa = PBXGroup;
			children = (
				459AA48923567D9400C8BD2E /* MemoList */,
				45F203B52389E4C500B42831 /* MemoDetail */,
				45E5B28B239D26CA003AC0E0 /* ViewModelType.swift */,
			);
			path = ViewModel;
			sourceTree = "<group>";
		};
		45E5B28A239CE84F003AC0E0 /* View */ = {
			isa = PBXGroup;
			children = (
				45F203B32389E36E00B42831 /* MemoList */,
				45F203B42389E4B600B42831 /* MemoDetail */,
			);
			path = View;
			sourceTree = "<group>";
		};
		45F203AD23897FC500B42831 /* Extensions */ = {
			isa = PBXGroup;
			children = (
				45F203AE23897FF300B42831 /* UIViewController+Alert.swift */,
				45F203BD238C8D8300B42831 /* String+.swift */,
				45F203BF238D788500B42831 /* UIView+Layout.swift */,
				45F203C1238EA2BE00B42831 /* Reactive+Binder.swift */,
			);
			path = Extensions;
			sourceTree = "<group>";
		};
		45F203B22389E31D00B42831 /* Presentation */ = {
			isa = PBXGroup;
			children = (
				45E5B28A239CE84F003AC0E0 /* View */,
				45E5B289239CE846003AC0E0 /* ViewModel */,
			);
			path = Presentation;
			sourceTree = "<group>";
		};
		45F203B32389E36E00B42831 /* MemoList */ = {
			isa = PBXGroup;
			children = (
				459AA48E2356806400C8BD2E /* MemoListViewController.storyboard */,
				459AA4902356807900C8BD2E /* MemoListViewController.swift */,
				45F203A22384523B00B42831 /* MemoInfoCell.swift */,
				45F203A32384523B00B42831 /* MemoInfoCell.xib */,
			);
			path = MemoList;
			sourceTree = "<group>";
		};
		45F203B42389E4B600B42831 /* MemoDetail */ = {
			isa = PBXGroup;
			children = (
				45F203B72389E66300B42831 /* MemoDetailViewController.swift */,
				45F203B82389E66300B42831 /* MemoDetailViewController.xib */,
			);
			path = MemoDetail;
			sourceTree = "<group>";
		};
		45F203B52389E4C500B42831 /* MemoDetail */ = {
			isa = PBXGroup;
			children = (
				45F203BB2389E75000B42831 /* MemoDetailViewModel.swift */,
			);
			path = MemoDetail;
			sourceTree = "<group>";
		};
/* End PBXGroup section */

/* Begin PBXNativeTarget section */
		459AA44E23551FC000C8BD2E /* RxSwift-Memo-Sample */ = {
			isa = PBXNativeTarget;
			buildConfigurationList = 459AA46623551FC400C8BD2E /* Build configuration list for PBXNativeTarget "RxSwift-Memo-Sample" */;
			buildPhases = (
				459AA44B23551FC000C8BD2E /* Sources */,
				459AA44C23551FC000C8BD2E /* Frameworks */,
				459AA44D23551FC000C8BD2E /* Resources */,
				459AA4772355396400C8BD2E /* ShellScript */,
				459AA47D23567A7A00C8BD2E /* Embed Frameworks */,
			);
			buildRules = (
			);
			dependencies = (
			);
			name = "RxSwift-Memo-Sample";
			productName = "RxSwift-Memo-Sample";
			productReference = 459AA44F23551FC000C8BD2E /* RxSwift-Memo-Sample.app */;
			productType = "com.apple.product-type.application";
		};
		459AA46C2355321200C8BD2E /* RxSwift-Memo-SampleTests */ = {
			isa = PBXNativeTarget;
			buildConfigurationList = 459AA4742355321200C8BD2E /* Build configuration list for PBXNativeTarget "RxSwift-Memo-SampleTests" */;
			buildPhases = (
				459AA4692355321200C8BD2E /* Sources */,
				459AA46A2355321200C8BD2E /* Frameworks */,
				459AA46B2355321200C8BD2E /* Resources */,
			);
			buildRules = (
			);
			dependencies = (
				459AA4732355321200C8BD2E /* PBXTargetDependency */,
			);
			name = "RxSwift-Memo-SampleTests";
			productName = "RxSwift-Memo-SampleTests";
			productReference = 459AA46D2355321200C8BD2E /* RxSwift-Memo-SampleTests.xctest */;
			productType = "com.apple.product-type.bundle.unit-test";
		};
/* End PBXNativeTarget section */

/* Begin PBXProject section */
		459AA44723551FC000C8BD2E /* Project object */ = {
			isa = PBXProject;
			attributes = {
				LastSwiftUpdateCheck = 1110;
				LastUpgradeCheck = 1110;
				ORGANIZATIONNAME = kawaharadai;
				TargetAttributes = {
					459AA44E23551FC000C8BD2E = {
						CreatedOnToolsVersion = 11.1;
					};
					459AA46C2355321200C8BD2E = {
						CreatedOnToolsVersion = 11.1;
						TestTargetID = 459AA44E23551FC000C8BD2E;
					};
				};
			};
			buildConfigurationList = 459AA44A23551FC000C8BD2E /* Build configuration list for PBXProject "RxSwift-Memo-Sample" */;
			compatibilityVersion = "Xcode 9.3";
			developmentRegion = en;
			hasScannedForEncodings = 0;
			knownRegions = (
				en,
				Base,
			);
			mainGroup = 459AA44623551FC000C8BD2E;
			productRefGroup = 459AA45023551FC000C8BD2E /* Products */;
			projectDirPath = "";
			projectRoot = "";
			targets = (
				459AA44E23551FC000C8BD2E /* RxSwift-Memo-Sample */,
				459AA46C2355321200C8BD2E /* RxSwift-Memo-SampleTests */,
			);
		};
/* End PBXProject section */

/* Begin PBXResourcesBuildPhase section */
		459AA44D23551FC000C8BD2E /* Resources */ = {
			isa = PBXResourcesBuildPhase;
			buildActionMask = 2147483647;
			files = (
				459AA46223551FC400C8BD2E /* LaunchScreen.storyboard in Resources */,
				459AA48D23567F6800C8BD2E /* Default-568h@2x.png in Resources */,
				45F203A52384523B00B42831 /* MemoInfoCell.xib in Resources */,
				459AA45F23551FC400C8BD2E /* Assets.xcassets in Resources */,
				459AA48F2356806400C8BD2E /* MemoListViewController.storyboard in Resources */,
				45F203BA2389E66300B42831 /* MemoDetailViewController.xib in Resources */,
			);
			runOnlyForDeploymentPostprocessing = 0;
		};
		459AA46B2355321200C8BD2E /* Resources */ = {
			isa = PBXResourcesBuildPhase;
			buildActionMask = 2147483647;
			files = (
			);
			runOnlyForDeploymentPostprocessing = 0;
		};
/* End PBXResourcesBuildPhase section */

/* Begin PBXShellScriptBuildPhase section */
		459AA4772355396400C8BD2E /* ShellScript */ = {
			isa = PBXShellScriptBuildPhase;
			buildActionMask = 2147483647;
			files = (
			);
			inputFileListPaths = (
			);
			inputPaths = (
				"$(SRCROOT)/Carthage/Build/iOS/RxSwift.framework",
				"$(SRCROOT)/Carthage/Build/iOS/RxCocoa.framework",
				"$(SRCROOT)/Carthage/Build/iOS/RxRelay.framework",
			);
			outputFileListPaths = (
			);
			outputPaths = (
			);
			runOnlyForDeploymentPostprocessing = 0;
			shellPath = /bin/sh;
			shellScript = "# Type a script or drag a script file from your workspace to insert its path.\n/usr/local/bin/carthage copy-frameworks\n";
		};
/* End PBXShellScriptBuildPhase section */

/* Begin PBXSourcesBuildPhase section */
		459AA44B23551FC000C8BD2E /* Sources */ = {
			isa = PBXSourcesBuildPhase;
			buildActionMask = 2147483647;
			files = (
				45F203C0238D788500B42831 /* UIView+Layout.swift in Sources */,
				451D9E0823F6CDEE009C1E19 /* MemoRepository.swift in Sources */,
				459AA48623567D6E00C8BD2E /* Memo+CoreDataClass.swift in Sources */,
				459AA45323551FC000C8BD2E /* AppDelegate.swift in Sources */,
				459AA48723567D6E00C8BD2E /* Memo+CoreDataProperties.swift in Sources */,
				459AA4972358CFF600C8BD2E /* MemoDataStore.swift in Sources */,
				45F203AF23897FF300B42831 /* UIViewController+Alert.swift in Sources */,
				459AA45D23551FC000C8BD2E /* RxSwift_Memo_Sample.xcdatamodeld in Sources */,
				45F203A42384523B00B42831 /* MemoInfoCell.swift in Sources */,
				45E5B28C239D26CA003AC0E0 /* ViewModelType.swift in Sources */,
				45F203BE238C8D8300B42831 /* String+.swift in Sources */,
				459AA4912356807900C8BD2E /* MemoListViewController.swift in Sources */,
				45F203B92389E66300B42831 /* MemoDetailViewController.swift in Sources */,
				459AA4932357D1E000C8BD2E /* MemoListViewModel.swift in Sources */,
				459AA49C235ADB2C00C8BD2E /* CoreDataPropaties.swift in Sources */,
				459AA45523551FC000C8BD2E /* SceneDelegate.swift in Sources */,
				45F203C2238EA2BE00B42831 /* Reactive+Binder.swift in Sources */,
				45F203BC2389E75000B42831 /* MemoDetailViewModel.swift in Sources */,
			);
			runOnlyForDeploymentPostprocessing = 0;
		};
		459AA4692355321200C8BD2E /* Sources */ = {
			isa = PBXSourcesBuildPhase;
			buildActionMask = 2147483647;
			files = (
				459AA49A235AB04900C8BD2E /* MemoDataStoreTest.swift in Sources */,
				4533617123F8945900167248 /* MemoMock.swift in Sources */,
				4533616F23F8685400167248 /* MemoDataStoreMock.swift in Sources */,
				451D9E0C23F793E2009C1E19 /* MemoRepositoryTest.swift in Sources */,
			);
			runOnlyForDeploymentPostprocessing = 0;
		};
/* End PBXSourcesBuildPhase section */

/* Begin PBXTargetDependency section */
		459AA4732355321200C8BD2E /* PBXTargetDependency */ = {
			isa = PBXTargetDependency;
			target = 459AA44E23551FC000C8BD2E /* RxSwift-Memo-Sample */;
			targetProxy = 459AA4722355321200C8BD2E /* PBXContainerItemProxy */;
		};
/* End PBXTargetDependency section */

/* Begin PBXVariantGroup section */
		459AA46023551FC400C8BD2E /* LaunchScreen.storyboard */ = {
			isa = PBXVariantGroup;
			children = (
				459AA46123551FC400C8BD2E /* Base */,
			);
			name = LaunchScreen.storyboard;
			sourceTree = "<group>";
		};
/* End PBXVariantGroup section */

/* Begin XCBuildConfiguration section */
		459AA46423551FC400C8BD2E /* Debug */ = {
			isa = XCBuildConfiguration;
			buildSettings = {
				ALWAYS_SEARCH_USER_PATHS = NO;
				CLANG_ANALYZER_NONNULL = YES;
				CLANG_ANALYZER_NUMBER_OBJECT_CONVERSION = YES_AGGRESSIVE;
				CLANG_CXX_LANGUAGE_STANDARD = "gnu++14";
				CLANG_CXX_LIBRARY = "libc++";
				CLANG_ENABLE_MODULES = YES;
				CLANG_ENABLE_OBJC_ARC = YES;
				CLANG_ENABLE_OBJC_WEAK = YES;
				CLANG_WARN_BLOCK_CAPTURE_AUTORELEASING = YES;
				CLANG_WARN_BOOL_CONVERSION = YES;
				CLANG_WARN_COMMA = YES;
				CLANG_WARN_CONSTANT_CONVERSION = YES;
				CLANG_WARN_DEPRECATED_OBJC_IMPLEMENTATIONS = YES;
				CLANG_WARN_DIRECT_OBJC_ISA_USAGE = YES_ERROR;
				CLANG_WARN_DOCUMENTATION_COMMENTS = YES;
				CLANG_WARN_EMPTY_BODY = YES;
				CLANG_WARN_ENUM_CONVERSION = YES;
				CLANG_WARN_INFINITE_RECURSION = YES;
				CLANG_WARN_INT_CONVERSION = YES;
				CLANG_WARN_NON_LITERAL_NULL_CONVERSION = YES;
				CLANG_WARN_OBJC_IMPLICIT_RETAIN_SELF = YES;
				CLANG_WARN_OBJC_LITERAL_CONVERSION = YES;
				CLANG_WARN_OBJC_ROOT_CLASS = YES_ERROR;
				CLANG_WARN_RANGE_LOOP_ANALYSIS = YES;
				CLANG_WARN_STRICT_PROTOTYPES = YES;
				CLANG_WARN_SUSPICIOUS_MOVE = YES;
				CLANG_WARN_UNGUARDED_AVAILABILITY = YES_AGGRESSIVE;
				CLANG_WARN_UNREACHABLE_CODE = YES;
				CLANG_WARN__DUPLICATE_METHOD_MATCH = YES;
				COPY_PHASE_STRIP = NO;
				DEBUG_INFORMATION_FORMAT = dwarf;
				ENABLE_STRICT_OBJC_MSGSEND = YES;
				ENABLE_TESTABILITY = YES;
				GCC_C_LANGUAGE_STANDARD = gnu11;
				GCC_DYNAMIC_NO_PIC = NO;
				GCC_NO_COMMON_BLOCKS = YES;
				GCC_OPTIMIZATION_LEVEL = 0;
				GCC_PREPROCESSOR_DEFINITIONS = (
					"DEBUG=1",
					"$(inherited)",
				);
				GCC_WARN_64_TO_32_BIT_CONVERSION = YES;
				GCC_WARN_ABOUT_RETURN_TYPE = YES_ERROR;
				GCC_WARN_UNDECLARED_SELECTOR = YES;
				GCC_WARN_UNINITIALIZED_AUTOS = YES_AGGRESSIVE;
				GCC_WARN_UNUSED_FUNCTION = YES;
				GCC_WARN_UNUSED_VARIABLE = YES;
				IPHONEOS_DEPLOYMENT_TARGET = 13.1;
				MTL_ENABLE_DEBUG_INFO = INCLUDE_SOURCE;
				MTL_FAST_MATH = YES;
				ONLY_ACTIVE_ARCH = YES;
				SDKROOT = iphoneos;
				SWIFT_ACTIVE_COMPILATION_CONDITIONS = DEBUG;
				SWIFT_OPTIMIZATION_LEVEL = "-Onone";
			};
			name = Debug;
		};
		459AA46523551FC400C8BD2E /* Release */ = {
			isa = XCBuildConfiguration;
			buildSettings = {
				ALWAYS_SEARCH_USER_PATHS = NO;
				CLANG_ANALYZER_NONNULL = YES;
				CLANG_ANALYZER_NUMBER_OBJECT_CONVERSION = YES_AGGRESSIVE;
				CLANG_CXX_LANGUAGE_STANDARD = "gnu++14";
				CLANG_CXX_LIBRARY = "libc++";
				CLANG_ENABLE_MODULES = YES;
				CLANG_ENABLE_OBJC_ARC = YES;
				CLANG_ENABLE_OBJC_WEAK = YES;
				CLANG_WARN_BLOCK_CAPTURE_AUTORELEASING = YES;
				CLANG_WARN_BOOL_CONVERSION = YES;
				CLANG_WARN_COMMA = YES;
				CLANG_WARN_CONSTANT_CONVERSION = YES;
				CLANG_WARN_DEPRECATED_OBJC_IMPLEMENTATIONS = YES;
				CLANG_WARN_DIRECT_OBJC_ISA_USAGE = YES_ERROR;
				CLANG_WARN_DOCUMENTATION_COMMENTS = YES;
				CLANG_WARN_EMPTY_BODY = YES;
				CLANG_WARN_ENUM_CONVERSION = YES;
				CLANG_WARN_INFINITE_RECURSION = YES;
				CLANG_WARN_INT_CONVERSION = YES;
				CLANG_WARN_NON_LITERAL_NULL_CONVERSION = YES;
				CLANG_WARN_OBJC_IMPLICIT_RETAIN_SELF = YES;
				CLANG_WARN_OBJC_LITERAL_CONVERSION = YES;
				CLANG_WARN_OBJC_ROOT_CLASS = YES_ERROR;
				CLANG_WARN_RANGE_LOOP_ANALYSIS = YES;
				CLANG_WARN_STRICT_PROTOTYPES = YES;
				CLANG_WARN_SUSPICIOUS_MOVE = YES;
				CLANG_WARN_UNGUARDED_AVAILABILITY = YES_AGGRESSIVE;
				CLANG_WARN_UNREACHABLE_CODE = YES;
				CLANG_WARN__DUPLICATE_METHOD_MATCH = YES;
				COPY_PHASE_STRIP = NO;
				DEBUG_INFORMATION_FORMAT = "dwarf-with-dsym";
				ENABLE_NS_ASSERTIONS = NO;
				ENABLE_STRICT_OBJC_MSGSEND = YES;
				GCC_C_LANGUAGE_STANDARD = gnu11;
				GCC_NO_COMMON_BLOCKS = YES;
				GCC_WARN_64_TO_32_BIT_CONVERSION = YES;
				GCC_WARN_ABOUT_RETURN_TYPE = YES_ERROR;
				GCC_WARN_UNDECLARED_SELECTOR = YES;
				GCC_WARN_UNINITIALIZED_AUTOS = YES_AGGRESSIVE;
				GCC_WARN_UNUSED_FUNCTION = YES;
				GCC_WARN_UNUSED_VARIABLE = YES;
				IPHONEOS_DEPLOYMENT_TARGET = 13.1;
				MTL_ENABLE_DEBUG_INFO = NO;
				MTL_FAST_MATH = YES;
				SDKROOT = iphoneos;
				SWIFT_COMPILATION_MODE = wholemodule;
				SWIFT_OPTIMIZATION_LEVEL = "-O";
				VALIDATE_PRODUCT = YES;
			};
			name = Release;
		};
		459AA46723551FC400C8BD2E /* Debug */ = {
			isa = XCBuildConfiguration;
			buildSettings = {
				ASSETCATALOG_COMPILER_APPICON_NAME = AppIcon;
				CODE_SIGN_STYLE = Automatic;
				CURRENT_PROJECT_VERSION = 1;
				DEVELOPMENT_TEAM = LVR5UQEHBD;
				FRAMEWORK_SEARCH_PATHS = (
					"$(inherited)",
					"$(PROJECT_DIR)/Carthage/Build/iOS",
				);
				INFOPLIST_FILE = "$(SRCROOT)/RxSwift-Memo-Sample/Other/Info.plist";
				LD_RUNPATH_SEARCH_PATHS = (
					"$(inherited)",
					"@executable_path/Frameworks",
				);
				MARKETING_VERSION = 1.0;
				PRODUCT_BUNDLE_IDENTIFIER = "com.kawahara.RxSwift-Memo-Sample";
				PRODUCT_NAME = "$(TARGET_NAME)";
				SWIFT_VERSION = 5.0;
				TARGETED_DEVICE_FAMILY = 1;
			};
			name = Debug;
		};
		459AA46823551FC400C8BD2E /* Release */ = {
			isa = XCBuildConfiguration;
			buildSettings = {
				ASSETCATALOG_COMPILER_APPICON_NAME = AppIcon;
				CODE_SIGN_STYLE = Automatic;
				CURRENT_PROJECT_VERSION = 1;
				DEVELOPMENT_TEAM = LVR5UQEHBD;
				FRAMEWORK_SEARCH_PATHS = (
					"$(inherited)",
					"$(PROJECT_DIR)/Carthage/Build/iOS",
				);
				INFOPLIST_FILE = "$(SRCROOT)/RxSwift-Memo-Sample/Other/Info.plist";
				LD_RUNPATH_SEARCH_PATHS = (
					"$(inherited)",
					"@executable_path/Frameworks",
				);
				MARKETING_VERSION = 1.0;
				PRODUCT_BUNDLE_IDENTIFIER = "com.kawahara.RxSwift-Memo-Sample";
				PRODUCT_NAME = "$(TARGET_NAME)";
				SWIFT_VERSION = 5.0;
				TARGETED_DEVICE_FAMILY = 1;
			};
			name = Release;
		};
		459AA4752355321200C8BD2E /* Debug */ = {
			isa = XCBuildConfiguration;
			buildSettings = {
				BUNDLE_LOADER = "$(TEST_HOST)";
				CODE_SIGN_STYLE = Automatic;
				DEVELOPMENT_TEAM = LVR5UQEHBD;
				FRAMEWORK_SEARCH_PATHS = (
					"$(inherited)",
					"$(PROJECT_DIR)/Carthage/Build/iOS",
				);
				INFOPLIST_FILE = "RxSwift-Memo-SampleTests/Info.plist";
				LD_RUNPATH_SEARCH_PATHS = (
					"$(inherited)",
					"@executable_path/Frameworks",
					"@loader_path/Frameworks",
					"$(FRAMEWORK_SEARCH_PATHS)",
				);
				PRODUCT_BUNDLE_IDENTIFIER = "com.kawahara.RxSwift-Memo-SampleTests";
				PRODUCT_NAME = "$(TARGET_NAME)";
				SWIFT_VERSION = 5.0;
				TARGETED_DEVICE_FAMILY = "1,2";
				TEST_HOST = "$(BUILT_PRODUCTS_DIR)/RxSwift-Memo-Sample.app/RxSwift-Memo-Sample";
			};
			name = Debug;
		};
		459AA4762355321200C8BD2E /* Release */ = {
			isa = XCBuildConfiguration;
			buildSettings = {
				BUNDLE_LOADER = "$(TEST_HOST)";
				CODE_SIGN_STYLE = Automatic;
				DEVELOPMENT_TEAM = LVR5UQEHBD;
				FRAMEWORK_SEARCH_PATHS = (
					"$(inherited)",
					"$(PROJECT_DIR)/Carthage/Build/iOS",
				);
				INFOPLIST_FILE = "RxSwift-Memo-SampleTests/Info.plist";
				LD_RUNPATH_SEARCH_PATHS = (
					"$(inherited)",
					"@executable_path/Frameworks",
					"@loader_path/Frameworks",
					"$(FRAMEWORK_SEARCH_PATHS)",
				);
				PRODUCT_BUNDLE_IDENTIFIER = "com.kawahara.RxSwift-Memo-SampleTests";
				PRODUCT_NAME = "$(TARGET_NAME)";
				SWIFT_VERSION = 5.0;
				TARGETED_DEVICE_FAMILY = "1,2";
				TEST_HOST = "$(BUILT_PRODUCTS_DIR)/RxSwift-Memo-Sample.app/RxSwift-Memo-Sample";
			};
			name = Release;
		};
/* End XCBuildConfiguration section */

/* Begin XCConfigurationList section */
		459AA44A23551FC000C8BD2E /* Build configuration list for PBXProject "RxSwift-Memo-Sample" */ = {
			isa = XCConfigurationList;
			buildConfigurations = (
				459AA46423551FC400C8BD2E /* Debug */,
				459AA46523551FC400C8BD2E /* Release */,
			);
			defaultConfigurationIsVisible = 0;
			defaultConfigurationName = Release;
		};
		459AA46623551FC400C8BD2E /* Build configuration list for PBXNativeTarget "RxSwift-Memo-Sample" */ = {
			isa = XCConfigurationList;
			buildConfigurations = (
				459AA46723551FC400C8BD2E /* Debug */,
				459AA46823551FC400C8BD2E /* Release */,
			);
			defaultConfigurationIsVisible = 0;
			defaultConfigurationName = Release;
		};
		459AA4742355321200C8BD2E /* Build configuration list for PBXNativeTarget "RxSwift-Memo-SampleTests" */ = {
			isa = XCConfigurationList;
			buildConfigurations = (
				459AA4752355321200C8BD2E /* Debug */,
				459AA4762355321200C8BD2E /* Release */,
			);
			defaultConfigurationIsVisible = 0;
			defaultConfigurationName = Release;
		};
/* End XCConfigurationList section */

/* Begin XCVersionGroup section */
		459AA45B23551FC000C8BD2E /* RxSwift_Memo_Sample.xcdatamodeld */ = {
			isa = XCVersionGroup;
			children = (
				459AA45C23551FC000C8BD2E /* RxSwift_Memo_Sample.xcdatamodel */,
			);
			currentVersion = 459AA45C23551FC000C8BD2E /* RxSwift_Memo_Sample.xcdatamodel */;
			path = RxSwift_Memo_Sample.xcdatamodeld;
			sourceTree = "<group>";
			versionGroupType = wrapper.xcdatamodel;
		};
/* End XCVersionGroup section */
	};
	rootObject = 459AA44723551FC000C8BD2E /* Project object */;
}
